
Microsoft Visual Studio Solution File, Format Version 12.00
# Visual Studio 15
VisualStudioVersion = 15.0.26124.0
MinimumVisualStudioVersion = 15.0.26124.0
Project("{2150E333-8FDC-42A3-9474-1A3956D46DE8}") = "src", "src", "{2B3AA979-19EA-4BD2-A1D9-E54D2EF49DE7}"
EndProject
Project("{F2A71F9B-5D33-465A-A702-920D77279786}") = "1", "src\1\1.fsproj", "{FE26789D-97A5-4F18-BBEB-9E85B1D589AB}"
EndProject
Project("{F2A71F9B-5D33-465A-A702-920D77279786}") = "2", "src\2\2.fsproj", "{1CEAB605-04E5-47E7-A067-2B22933F99DC}"
EndProject
Project("{F2A71F9B-5D33-465A-A702-920D77279786}") = "3", "src\3\3.fsproj", "{ADFCFC82-9508-488D-8F55-DC561B05147A}"
EndProject
Project("{F2A71F9B-5D33-465A-A702-920D77279786}") = "4", "src\4\4.fsproj", "{630F5D98-C89E-4882-902C-D70282CFA1CE}"
EndProject
Project("{F2A71F9B-5D33-465A-A702-920D77279786}") = "5", "src\5\5.fsproj", "{4B6A83E4-0E64-4523-AEC1-63248F9ADE64}"
EndProject
Project("{F2A71F9B-5D33-465A-A702-920D77279786}") = "6", "src\6\6.fsproj", "{B3A9F025-0A4F-4CD4-B56E-60F06A4A4D54}"
EndProject
Project("{F2A71F9B-5D33-465A-A702-920D77279786}") = "7", "src\7\7.fsproj", "{F4097BDE-CF70-4F1B-86FF-440E8D6DB958}"
EndProject
Project("{F2A71F9B-5D33-465A-A702-920D77279786}") = "8", "src\8\8.fsproj", "{8AD2F5F9-BBF3-470E-AE20-4EA99FBC6F77}"
EndProject
Project("{F2A71F9B-5D33-465A-A702-920D77279786}") = "9", "src\9\9.fsproj", "{647D22EB-F338-41BE-8120-5005F0F3C7F9}"
EndProject
Global
	GlobalSection(SolutionConfigurationPlatforms) = preSolution
		Debug|Any CPU = Debug|Any CPU
		Debug|x64 = Debug|x64
		Debug|x86 = Debug|x86
		Release|Any CPU = Release|Any CPU
		Release|x64 = Release|x64
		Release|x86 = Release|x86
	EndGlobalSection
	GlobalSection(SolutionProperties) = preSolution
		HideSolutionNode = FALSE
	EndGlobalSection
	GlobalSection(ProjectConfigurationPlatforms) = postSolution
		{FE26789D-97A5-4F18-BBEB-9E85B1D589AB}.Debug|Any CPU.ActiveCfg = Debug|Any CPU
		{FE26789D-97A5-4F18-BBEB-9E85B1D589AB}.Debug|Any CPU.Build.0 = Debug|Any CPU
		{FE26789D-97A5-4F18-BBEB-9E85B1D589AB}.Debug|x64.ActiveCfg = Debug|Any CPU
		{FE26789D-97A5-4F18-BBEB-9E85B1D589AB}.Debug|x64.Build.0 = Debug|Any CPU
		{FE26789D-97A5-4F18-BBEB-9E85B1D589AB}.Debug|x86.ActiveCfg = Debug|Any CPU
		{FE26789D-97A5-4F18-BBEB-9E85B1D589AB}.Debug|x86.Build.0 = Debug|Any CPU
		{FE26789D-97A5-4F18-BBEB-9E85B1D589AB}.Release|Any CPU.ActiveCfg = Release|Any CPU
		{FE26789D-97A5-4F18-BBEB-9E85B1D589AB}.Release|Any CPU.Build.0 = Release|Any CPU
		{FE26789D-97A5-4F18-BBEB-9E85B1D589AB}.Release|x64.ActiveCfg = Release|Any CPU
		{FE26789D-97A5-4F18-BBEB-9E85B1D589AB}.Release|x64.Build.0 = Release|Any CPU
		{FE26789D-97A5-4F18-BBEB-9E85B1D589AB}.Release|x86.ActiveCfg = Release|Any CPU
		{FE26789D-97A5-4F18-BBEB-9E85B1D589AB}.Release|x86.Build.0 = Release|Any CPU
		{1CEAB605-04E5-47E7-A067-2B22933F99DC}.Debug|Any CPU.ActiveCfg = Debug|Any CPU
		{1CEAB605-04E5-47E7-A067-2B22933F99DC}.Debug|Any CPU.Build.0 = Debug|Any CPU
		{1CEAB605-04E5-47E7-A067-2B22933F99DC}.Debug|x64.ActiveCfg = Debug|Any CPU
		{1CEAB605-04E5-47E7-A067-2B22933F99DC}.Debug|x64.Build.0 = Debug|Any CPU
		{1CEAB605-04E5-47E7-A067-2B22933F99DC}.Debug|x86.ActiveCfg = Debug|Any CPU
		{1CEAB605-04E5-47E7-A067-2B22933F99DC}.Debug|x86.Build.0 = Debug|Any CPU
		{1CEAB605-04E5-47E7-A067-2B22933F99DC}.Release|Any CPU.ActiveCfg = Release|Any CPU
		{1CEAB605-04E5-47E7-A067-2B22933F99DC}.Release|Any CPU.Build.0 = Release|Any CPU
		{1CEAB605-04E5-47E7-A067-2B22933F99DC}.Release|x64.ActiveCfg = Release|Any CPU
		{1CEAB605-04E5-47E7-A067-2B22933F99DC}.Release|x64.Build.0 = Release|Any CPU
		{1CEAB605-04E5-47E7-A067-2B22933F99DC}.Release|x86.ActiveCfg = Release|Any CPU
		{1CEAB605-04E5-47E7-A067-2B22933F99DC}.Release|x86.Build.0 = Release|Any CPU
		{ADFCFC82-9508-488D-8F55-DC561B05147A}.Debug|Any CPU.ActiveCfg = Debug|Any CPU
		{ADFCFC82-9508-488D-8F55-DC561B05147A}.Debug|Any CPU.Build.0 = Debug|Any CPU
		{ADFCFC82-9508-488D-8F55-DC561B05147A}.Debug|x64.ActiveCfg = Debug|Any CPU
		{ADFCFC82-9508-488D-8F55-DC561B05147A}.Debug|x64.Build.0 = Debug|Any CPU
		{ADFCFC82-9508-488D-8F55-DC561B05147A}.Debug|x86.ActiveCfg = Debug|Any CPU
		{ADFCFC82-9508-488D-8F55-DC561B05147A}.Debug|x86.Build.0 = Debug|Any CPU
		{ADFCFC82-9508-488D-8F55-DC561B05147A}.Release|Any CPU.ActiveCfg = Release|Any CPU
		{ADFCFC82-9508-488D-8F55-DC561B05147A}.Release|Any CPU.Build.0 = Release|Any CPU
		{ADFCFC82-9508-488D-8F55-DC561B05147A}.Release|x64.ActiveCfg = Release|Any CPU
		{ADFCFC82-9508-488D-8F55-DC561B05147A}.Release|x64.Build.0 = Release|Any CPU
		{ADFCFC82-9508-488D-8F55-DC561B05147A}.Release|x86.ActiveCfg = Release|Any CPU
		{ADFCFC82-9508-488D-8F55-DC561B05147A}.Release|x86.Build.0 = Release|Any CPU
		{630F5D98-C89E-4882-902C-D70282CFA1CE}.Debug|Any CPU.ActiveCfg = Debug|Any CPU
		{630F5D98-C89E-4882-902C-D70282CFA1CE}.Debug|Any CPU.Build.0 = Debug|Any CPU
		{630F5D98-C89E-4882-902C-D70282CFA1CE}.Debug|x64.ActiveCfg = Debug|Any CPU
		{630F5D98-C89E-4882-902C-D70282CFA1CE}.Debug|x64.Build.0 = Debug|Any CPU
		{630F5D98-C89E-4882-902C-D70282CFA1CE}.Debug|x86.ActiveCfg = Debug|Any CPU
		{630F5D98-C89E-4882-902C-D70282CFA1CE}.Debug|x86.Build.0 = Debug|Any CPU
		{630F5D98-C89E-4882-902C-D70282CFA1CE}.Release|Any CPU.ActiveCfg = Release|Any CPU
		{630F5D98-C89E-4882-902C-D70282CFA1CE}.Release|Any CPU.Build.0 = Release|Any CPU
		{630F5D98-C89E-4882-902C-D70282CFA1CE}.Release|x64.ActiveCfg = Release|Any CPU
		{630F5D98-C89E-4882-902C-D70282CFA1CE}.Release|x64.Build.0 = Release|Any CPU
		{630F5D98-C89E-4882-902C-D70282CFA1CE}.Release|x86.ActiveCfg = Release|Any CPU
		{630F5D98-C89E-4882-902C-D70282CFA1CE}.Release|x86.Build.0 = Release|Any CPU
		{4B6A83E4-0E64-4523-AEC1-63248F9ADE64}.Debug|Any CPU.ActiveCfg = Debug|Any CPU
		{4B6A83E4-0E64-4523-AEC1-63248F9ADE64}.Debug|Any CPU.Build.0 = Debug|Any CPU
		{4B6A83E4-0E64-4523-AEC1-63248F9ADE64}.Debug|x64.ActiveCfg = Debug|Any CPU
		{4B6A83E4-0E64-4523-AEC1-63248F9ADE64}.Debug|x64.Build.0 = Debug|Any CPU
		{4B6A83E4-0E64-4523-AEC1-63248F9ADE64}.Debug|x86.ActiveCfg = Debug|Any CPU
		{4B6A83E4-0E64-4523-AEC1-63248F9ADE64}.Debug|x86.Build.0 = Debug|Any CPU
		{4B6A83E4-0E64-4523-AEC1-63248F9ADE64}.Release|Any CPU.ActiveCfg = Release|Any CPU
		{4B6A83E4-0E64-4523-AEC1-63248F9ADE64}.Release|Any CPU.Build.0 = Release|Any CPU
		{4B6A83E4-0E64-4523-AEC1-63248F9ADE64}.Release|x64.ActiveCfg = Release|Any CPU
		{4B6A83E4-0E64-4523-AEC1-63248F9ADE64}.Release|x64.Build.0 = Release|Any CPU
		{4B6A83E4-0E64-4523-AEC1-63248F9ADE64}.Release|x86.ActiveCfg = Release|Any CPU
		{4B6A83E4-0E64-4523-AEC1-63248F9ADE64}.Release|x86.Build.0 = Release|Any CPU
		{B3A9F025-0A4F-4CD4-B56E-60F06A4A4D54}.Debug|Any CPU.ActiveCfg = Debug|Any CPU
		{B3A9F025-0A4F-4CD4-B56E-60F06A4A4D54}.Debug|Any CPU.Build.0 = Debug|Any CPU
		{B3A9F025-0A4F-4CD4-B56E-60F06A4A4D54}.Debug|x64.ActiveCfg = Debug|Any CPU
		{B3A9F025-0A4F-4CD4-B56E-60F06A4A4D54}.Debug|x64.Build.0 = Debug|Any CPU
		{B3A9F025-0A4F-4CD4-B56E-60F06A4A4D54}.Debug|x86.ActiveCfg = Debug|Any CPU
		{B3A9F025-0A4F-4CD4-B56E-60F06A4A4D54}.Debug|x86.Build.0 = Debug|Any CPU
		{B3A9F025-0A4F-4CD4-B56E-60F06A4A4D54}.Release|Any CPU.ActiveCfg = Release|Any CPU
		{B3A9F025-0A4F-4CD4-B56E-60F06A4A4D54}.Release|Any CPU.Build.0 = Release|Any CPU
		{B3A9F025-0A4F-4CD4-B56E-60F06A4A4D54}.Release|x64.ActiveCfg = Release|Any CPU
		{B3A9F025-0A4F-4CD4-B56E-60F06A4A4D54}.Release|x64.Build.0 = Release|Any CPU
		{B3A9F025-0A4F-4CD4-B56E-60F06A4A4D54}.Release|x86.ActiveCfg = Release|Any CPU
		{B3A9F025-0A4F-4CD4-B56E-60F06A4A4D54}.Release|x86.Build.0 = Release|Any CPU
		{F4097BDE-CF70-4F1B-86FF-440E8D6DB958}.Debug|Any CPU.ActiveCfg = Debug|Any CPU
		{F4097BDE-CF70-4F1B-86FF-440E8D6DB958}.Debug|Any CPU.Build.0 = Debug|Any CPU
		{F4097BDE-CF70-4F1B-86FF-440E8D6DB958}.Debug|x64.ActiveCfg = Debug|Any CPU
		{F4097BDE-CF70-4F1B-86FF-440E8D6DB958}.Debug|x64.Build.0 = Debug|Any CPU
		{F4097BDE-CF70-4F1B-86FF-440E8D6DB958}.Debug|x86.ActiveCfg = Debug|Any CPU
		{F4097BDE-CF70-4F1B-86FF-440E8D6DB958}.Debug|x86.Build.0 = Debug|Any CPU
		{F4097BDE-CF70-4F1B-86FF-440E8D6DB958}.Release|Any CPU.ActiveCfg = Release|Any CPU
		{F4097BDE-CF70-4F1B-86FF-440E8D6DB958}.Release|Any CPU.Build.0 = Release|Any CPU
		{F4097BDE-CF70-4F1B-86FF-440E8D6DB958}.Release|x64.ActiveCfg = Release|Any CPU
		{F4097BDE-CF70-4F1B-86FF-440E8D6DB958}.Release|x64.Build.0 = Release|Any CPU
		{F4097BDE-CF70-4F1B-86FF-440E8D6DB958}.Release|x86.ActiveCfg = Release|Any CPU
		{F4097BDE-CF70-4F1B-86FF-440E8D6DB958}.Release|x86.Build.0 = Release|Any CPU
		{8AD2F5F9-BBF3-470E-AE20-4EA99FBC6F77}.Debug|Any CPU.ActiveCfg = Debug|Any CPU
		{8AD2F5F9-BBF3-470E-AE20-4EA99FBC6F77}.Debug|Any CPU.Build.0 = Debug|Any CPU
		{8AD2F5F9-BBF3-470E-AE20-4EA99FBC6F77}.Debug|x64.ActiveCfg = Debug|Any CPU
		{8AD2F5F9-BBF3-470E-AE20-4EA99FBC6F77}.Debug|x64.Build.0 = Debug|Any CPU
		{8AD2F5F9-BBF3-470E-AE20-4EA99FBC6F77}.Debug|x86.ActiveCfg = Debug|Any CPU
		{8AD2F5F9-BBF3-470E-AE20-4EA99FBC6F77}.Debug|x86.Build.0 = Debug|Any CPU
		{8AD2F5F9-BBF3-470E-AE20-4EA99FBC6F77}.Release|Any CPU.ActiveCfg = Release|Any CPU
		{8AD2F5F9-BBF3-470E-AE20-4EA99FBC6F77}.Release|Any CPU.Build.0 = Release|Any CPU
		{8AD2F5F9-BBF3-470E-AE20-4EA99FBC6F77}.Release|x64.ActiveCfg = Release|Any CPU
		{8AD2F5F9-BBF3-470E-AE20-4EA99FBC6F77}.Release|x64.Build.0 = Release|Any CPU
		{8AD2F5F9-BBF3-470E-AE20-4EA99FBC6F77}.Release|x86.ActiveCfg = Release|Any CPU
		{8AD2F5F9-BBF3-470E-AE20-4EA99FBC6F77}.Release|x86.Build.0 = Release|Any CPU
		{647D22EB-F338-41BE-8120-5005F0F3C7F9}.Debug|Any CPU.ActiveCfg = Debug|Any CPU
		{647D22EB-F338-41BE-8120-5005F0F3C7F9}.Debug|Any CPU.Build.0 = Debug|Any CPU
		{647D22EB-F338-41BE-8120-5005F0F3C7F9}.Debug|x64.ActiveCfg = Debug|Any CPU
		{647D22EB-F338-41BE-8120-5005F0F3C7F9}.Debug|x64.Build.0 = Debug|Any CPU
		{647D22EB-F338-41BE-8120-5005F0F3C7F9}.Debug|x86.ActiveCfg = Debug|Any CPU
		{647D22EB-F338-41BE-8120-5005F0F3C7F9}.Debug|x86.Build.0 = Debug|Any CPU
		{647D22EB-F338-41BE-8120-5005F0F3C7F9}.Release|Any CPU.ActiveCfg = Release|Any CPU
		{647D22EB-F338-41BE-8120-5005F0F3C7F9}.Release|Any CPU.Build.0 = Release|Any CPU
		{647D22EB-F338-41BE-8120-5005F0F3C7F9}.Release|x64.ActiveCfg = Release|Any CPU
		{647D22EB-F338-41BE-8120-5005F0F3C7F9}.Release|x64.Build.0 = Release|Any CPU
		{647D22EB-F338-41BE-8120-5005F0F3C7F9}.Release|x86.ActiveCfg = Release|Any CPU
		{647D22EB-F338-41BE-8120-5005F0F3C7F9}.Release|x86.Build.0 = Release|Any CPU
	EndGlobalSection
	GlobalSection(NestedProjects) = preSolution
		{FE26789D-97A5-4F18-BBEB-9E85B1D589AB} = {2B3AA979-19EA-4BD2-A1D9-E54D2EF49DE7}
		{1CEAB605-04E5-47E7-A067-2B22933F99DC} = {2B3AA979-19EA-4BD2-A1D9-E54D2EF49DE7}
		{ADFCFC82-9508-488D-8F55-DC561B05147A} = {2B3AA979-19EA-4BD2-A1D9-E54D2EF49DE7}
		{630F5D98-C89E-4882-902C-D70282CFA1CE} = {2B3AA979-19EA-4BD2-A1D9-E54D2EF49DE7}
		{4B6A83E4-0E64-4523-AEC1-63248F9ADE64} = {2B3AA979-19EA-4BD2-A1D9-E54D2EF49DE7}
		{B3A9F025-0A4F-4CD4-B56E-60F06A4A4D54} = {2B3AA979-19EA-4BD2-A1D9-E54D2EF49DE7}
		{F4097BDE-CF70-4F1B-86FF-440E8D6DB958} = {2B3AA979-19EA-4BD2-A1D9-E54D2EF49DE7}
		{8AD2F5F9-BBF3-470E-AE20-4EA99FBC6F77} = {2B3AA979-19EA-4BD2-A1D9-E54D2EF49DE7}
		{647D22EB-F338-41BE-8120-5005F0F3C7F9} = {2B3AA979-19EA-4BD2-A1D9-E54D2EF49DE7}
	EndGlobalSection
EndGlobal
